schema: '2.0'
stages:
  prepare:
    cmd: python src/prepare.py
    outs:
    - path: dataset/full_data.csv
      hash: md5
      md5: a3a53353ae95048fbef7a7d638430e64
      size: 157791
  training:
    cmd: python src/train.py
    deps:
    - path: dataset/full_data.csv
      hash: md5
      md5: a3a53353ae95048fbef7a7d638430e64
      size: 157791
